
Microsoft Visual Studio Solution File, Format Version 12.00
# Visual Studio Version 17
VisualStudioVersion = 17.4.33205.214
MinimumVisualStudioVersion = 10.0.40219.1
Project("{FAE04EC0-301F-11D3-BF4B-00C04F79EFBC}") = "Bank", "unit-test\Bank.csproj", "{92DAE27B-E3C7-43CE-94C4-98B7601E8A69}"
EndProject
Project("{FAE04EC0-301F-11D3-BF4B-00C04F79EFBC}") = "BankTests", "BankTests\BankTests.csproj", "{B673E23C-84E6-499C-A926-AF016A7F4F3A}"
EndProject
Global
	GlobalSection(SolutionConfigurationPlatforms) = preSolution
		Debug|Any CPU = Debug|Any CPU
		Release|Any CPU = Release|Any CPU
	EndGlobalSection
	GlobalSection(ProjectConfigurationPlatforms) = postSolution
		{92DAE27B-E3C7-43CE-94C4-98B7601E8A69}.Debug|Any CPU.ActiveCfg = Debug|Any CPU
		{92DAE27B-E3C7-43CE-94C4-98B7601E8A69}.Debug|Any CPU.Build.0 = Debug|Any CPU
		{92DAE27B-E3C7-43CE-94C4-98B7601E8A69}.Release|Any CPU.ActiveCfg = Release|Any CPU
		{92DAE27B-E3C7-43CE-94C4-98B7601E8A69}.Release|Any CPU.Build.0 = Release|Any CPU
		{B673E23C-84E6-499C-A926-AF016A7F4F3A}.Debug|Any CPU.ActiveCfg = Debug|Any CPU
		{B673E23C-84E6-499C-A926-AF016A7F4F3A}.Debug|Any CPU.Build.0 = Debug|Any CPU
		{B673E23C-84E6-499C-A926-AF016A7F4F3A}.Release|Any CPU.ActiveCfg = Release|Any CPU
		{B673E23C-84E6-499C-A926-AF016A7F4F3A}.Release|Any CPU.Build.0 = Release|Any CPU
	EndGlobalSection
	GlobalSection(SolutionProperties) = preSolution
		HideSolutionNode = FALSE
	EndGlobalSection
	GlobalSection(ExtensibilityGlobals) = postSolution
		SolutionGuid = {A683B5A0-083D-4F4C-9078-9D393AB17617}
	EndGlobalSection
EndGlobal
